
Microsoft Visual Studio Solution File, Format Version 12.00
# Visual Studio Version 17
VisualStudioVersion = 17.3.32922.545
MinimumVisualStudioVersion = 10.0.40219.1
Project("{FAE04EC0-301F-11D3-BF4B-00C04F79EFBC}") = "fc", "fc\fc.csproj", "{BA235DDE-2617-4B5A-946E-E12BA2BC04ED}"
EndProject
Project("{FAE04EC0-301F-11D3-BF4B-00C04F79EFBC}") = "FCForm", "FCForm\FCForm.csproj", "{330A4599-9FB8-4BCC-9905-6551CF367416}"
EndProject
Project("{FAE04EC0-301F-11D3-BF4B-00C04F79EFBC}") = "vocab", "vocab\vocab.csproj", "{BFC17FAA-75AD-400A-A444-2D17BFE71AD5}"
EndProject
Project("{FAE04EC0-301F-11D3-BF4B-00C04F79EFBC}") = "FCFormVocab", "FCFormVocab\FCFormVocab.csproj", "{DDE17D49-8CB0-4882-A35A-61BC8574DE9A}"
EndProject
Project("{9A19103F-16F7-4668-BE54-9A1E7A4F7556}") = "SatzRingspiel", "SatzRingpiel\SatzRingspiel.csproj", "{40E5EDA8-E734-44E4-8D83-1D1A9FFF3CCE}"
EndProject
Project("{9A19103F-16F7-4668-BE54-9A1E7A4F7556}") = "DeutscheMehrzahl", "DeutscheMehrzahl\DeutscheMehrzahl.csproj", "{B5E75EB5-2961-4521-8B0A-DC6F2E503F1A}"
EndProject
Project("{FAE04EC0-301F-11D3-BF4B-00C04F79EFBC}") = "vocabTests", "vocabTests\vocabTests.csproj", "{D703CB36-49DD-4AFC-8691-B3B76991C391}"
EndProject
Project("{9A19103F-16F7-4668-BE54-9A1E7A4F7556}") = "DictCC", "DictCC\DictCC.csproj", "{099FB252-9913-4B06-BB6D-A98E62E6AB43}"
EndProject
Project("{9A19103F-16F7-4668-BE54-9A1E7A4F7556}") = "DeutschePräpositionen", "DeutschePräpositionen\DeutschePräpositionen.csproj", "{8CB78B52-998F-4462-A378-F7E0E8158538}"
EndProject
Global
	GlobalSection(SolutionConfigurationPlatforms) = preSolution
		Debug|Any CPU = Debug|Any CPU
		Release|Any CPU = Release|Any CPU
	EndGlobalSection
	GlobalSection(ProjectConfigurationPlatforms) = postSolution
		{BA235DDE-2617-4B5A-946E-E12BA2BC04ED}.Debug|Any CPU.ActiveCfg = Debug|Any CPU
		{BA235DDE-2617-4B5A-946E-E12BA2BC04ED}.Debug|Any CPU.Build.0 = Debug|Any CPU
		{BA235DDE-2617-4B5A-946E-E12BA2BC04ED}.Release|Any CPU.ActiveCfg = Release|Any CPU
		{BA235DDE-2617-4B5A-946E-E12BA2BC04ED}.Release|Any CPU.Build.0 = Release|Any CPU
		{330A4599-9FB8-4BCC-9905-6551CF367416}.Debug|Any CPU.ActiveCfg = Debug|Any CPU
		{330A4599-9FB8-4BCC-9905-6551CF367416}.Debug|Any CPU.Build.0 = Debug|Any CPU
		{330A4599-9FB8-4BCC-9905-6551CF367416}.Release|Any CPU.ActiveCfg = Release|Any CPU
		{330A4599-9FB8-4BCC-9905-6551CF367416}.Release|Any CPU.Build.0 = Release|Any CPU
		{BFC17FAA-75AD-400A-A444-2D17BFE71AD5}.Debug|Any CPU.ActiveCfg = Debug|Any CPU
		{BFC17FAA-75AD-400A-A444-2D17BFE71AD5}.Debug|Any CPU.Build.0 = Debug|Any CPU
		{BFC17FAA-75AD-400A-A444-2D17BFE71AD5}.Release|Any CPU.ActiveCfg = Release|Any CPU
		{BFC17FAA-75AD-400A-A444-2D17BFE71AD5}.Release|Any CPU.Build.0 = Release|Any CPU
		{DDE17D49-8CB0-4882-A35A-61BC8574DE9A}.Debug|Any CPU.ActiveCfg = Debug|Any CPU
		{DDE17D49-8CB0-4882-A35A-61BC8574DE9A}.Debug|Any CPU.Build.0 = Debug|Any CPU
		{DDE17D49-8CB0-4882-A35A-61BC8574DE9A}.Release|Any CPU.ActiveCfg = Release|Any CPU
		{DDE17D49-8CB0-4882-A35A-61BC8574DE9A}.Release|Any CPU.Build.0 = Release|Any CPU
		{40E5EDA8-E734-44E4-8D83-1D1A9FFF3CCE}.Debug|Any CPU.ActiveCfg = Debug|Any CPU
		{40E5EDA8-E734-44E4-8D83-1D1A9FFF3CCE}.Debug|Any CPU.Build.0 = Debug|Any CPU
		{40E5EDA8-E734-44E4-8D83-1D1A9FFF3CCE}.Release|Any CPU.ActiveCfg = Release|Any CPU
		{40E5EDA8-E734-44E4-8D83-1D1A9FFF3CCE}.Release|Any CPU.Build.0 = Release|Any CPU
		{B5E75EB5-2961-4521-8B0A-DC6F2E503F1A}.Debug|Any CPU.ActiveCfg = Debug|Any CPU
		{B5E75EB5-2961-4521-8B0A-DC6F2E503F1A}.Debug|Any CPU.Build.0 = Debug|Any CPU
		{B5E75EB5-2961-4521-8B0A-DC6F2E503F1A}.Release|Any CPU.ActiveCfg = Release|Any CPU
		{B5E75EB5-2961-4521-8B0A-DC6F2E503F1A}.Release|Any CPU.Build.0 = Release|Any CPU
		{D703CB36-49DD-4AFC-8691-B3B76991C391}.Debug|Any CPU.ActiveCfg = Debug|Any CPU
		{D703CB36-49DD-4AFC-8691-B3B76991C391}.Debug|Any CPU.Build.0 = Debug|Any CPU
		{D703CB36-49DD-4AFC-8691-B3B76991C391}.Release|Any CPU.ActiveCfg = Release|Any CPU
		{D703CB36-49DD-4AFC-8691-B3B76991C391}.Release|Any CPU.Build.0 = Release|Any CPU
		{099FB252-9913-4B06-BB6D-A98E62E6AB43}.Debug|Any CPU.ActiveCfg = Debug|Any CPU
		{099FB252-9913-4B06-BB6D-A98E62E6AB43}.Debug|Any CPU.Build.0 = Debug|Any CPU
		{099FB252-9913-4B06-BB6D-A98E62E6AB43}.Release|Any CPU.ActiveCfg = Release|Any CPU
		{099FB252-9913-4B06-BB6D-A98E62E6AB43}.Release|Any CPU.Build.0 = Release|Any CPU
		{8CB78B52-998F-4462-A378-F7E0E8158538}.Debug|Any CPU.ActiveCfg = Debug|Any CPU
		{8CB78B52-998F-4462-A378-F7E0E8158538}.Debug|Any CPU.Build.0 = Debug|Any CPU
		{8CB78B52-998F-4462-A378-F7E0E8158538}.Release|Any CPU.ActiveCfg = Release|Any CPU
		{8CB78B52-998F-4462-A378-F7E0E8158538}.Release|Any CPU.Build.0 = Release|Any CPU
	EndGlobalSection
	GlobalSection(SolutionProperties) = preSolution
		HideSolutionNode = FALSE
	EndGlobalSection
	GlobalSection(ExtensibilityGlobals) = postSolution
		SolutionGuid = {8427F5D6-CD95-4104-8465-E0E91B3B5984}
	EndGlobalSection
EndGlobal
